
Microsoft Visual Studio Solution File, Format Version 12.00
# Visual Studio Version 16
VisualStudioVersion = 16.0.31229.75
MinimumVisualStudioVersion = 10.0.40219.1
Project("{2150E333-8FDC-42A3-9474-1A3956D46DE8}") = "Domain", "Domain", "{4D0C09A9-CA94-4787-9535-75B536B1ECBF}"
EndProject
Project("{2150E333-8FDC-42A3-9474-1A3956D46DE8}") = "Infra.Bus", "Infra.Bus", "{B15E8A77-777E-43AB-B771-E5C36953AE26}"
EndProject
Project("{2150E333-8FDC-42A3-9474-1A3956D46DE8}") = "Infra.IoC", "Infra.IoC", "{134CB21D-0FE7-4CC7-9E8E-3467F655B09B}"
EndProject
Project("{2150E333-8FDC-42A3-9474-1A3956D46DE8}") = "Microservices", "Microservices", "{315773F9-8C59-44AB-A04F-77A61C47860C}"
EndProject
Project("{2150E333-8FDC-42A3-9474-1A3956D46DE8}") = "Presentation", "Presentation", "{9B450B57-4ACC-4B1B-AA88-BA727D50DBB7}"
EndProject
Project("{9A19103F-16F7-4668-BE54-9A1E7A4F7556}") = "MicroRabbit.Domain.Core", "MicroRabbit.Domain.Core\MicroRabbit.Domain.Core.csproj", "{7CE2E219-2757-4BFB-A859-1EF5C1191ECD}"
EndProject
Project("{9A19103F-16F7-4668-BE54-9A1E7A4F7556}") = "MicroRabbit.Infra.Bus", "MicroRabbit.Infra.Bus\MicroRabbit.Infra.Bus.csproj", "{C26AB621-660A-4552-9763-5A6C055592E0}"
EndProject
Project("{FAE04EC0-301F-11D3-BF4B-00C04F79EFBC}") = "MicroRabbit.Infra.IoC", "MicroRabbit.Infra.IoC\MicroRabbit.Infra.IoC.csproj", "{F0541EFB-1FD2-42AE-9911-9257BCD54F66}"
EndProject
Project("{2150E333-8FDC-42A3-9474-1A3956D46DE8}") = "Banking", "Banking", "{3CC4E33E-70BE-4CED-9974-24E42BE73A43}"
EndProject
Project("{2150E333-8FDC-42A3-9474-1A3956D46DE8}") = "Api", "Api", "{25274754-2314-4EE1-9838-2CBB492C3C45}"
EndProject
Project("{2150E333-8FDC-42A3-9474-1A3956D46DE8}") = "Application", "Application", "{CD42782D-5D99-443B-98C4-EB2A36226249}"
EndProject
Project("{2150E333-8FDC-42A3-9474-1A3956D46DE8}") = "Data", "Data", "{1AFA1978-F8B8-46ED-ABDF-D5DD59C33433}"
EndProject
Project("{2150E333-8FDC-42A3-9474-1A3956D46DE8}") = "Domain", "Domain", "{26355D78-B1FE-41DB-B7FA-64267930421A}"
EndProject
Project("{FAE04EC0-301F-11D3-BF4B-00C04F79EFBC}") = "MicroRabbit.Banking.Api", "MicroRabbit.Banking.Api\MicroRabbit.Banking.Api.csproj", "{710D040C-6C15-4E41-A57A-9BDACC0A780C}"
EndProject
Project("{FAE04EC0-301F-11D3-BF4B-00C04F79EFBC}") = "MicroRabbit.Banking.Application", "MicroRabbit.Banking.Application\MicroRabbit.Banking.Application.csproj", "{3003718B-9AC5-4958-A769-54ADD8F98FDD}"
EndProject
Project("{FAE04EC0-301F-11D3-BF4B-00C04F79EFBC}") = "MicroRabbit.Banking.Data", "MicroRabbit.Banking.Data\MicroRabbit.Banking.Data.csproj", "{46F2ECEC-40DB-4C20-BF79-2251F99F5103}"
EndProject
Project("{FAE04EC0-301F-11D3-BF4B-00C04F79EFBC}") = "MicroRabbit.Banking.Domain", "MicroRabbit.Banking.Domain\MicroRabbit.Banking.Domain.csproj", "{F63433BC-1268-4EC7-B19E-A2095F15BA0F}"
EndProject
Global
	GlobalSection(SolutionConfigurationPlatforms) = preSolution
		Debug|Any CPU = Debug|Any CPU
		Release|Any CPU = Release|Any CPU
	EndGlobalSection
	GlobalSection(ProjectConfigurationPlatforms) = postSolution
		{7CE2E219-2757-4BFB-A859-1EF5C1191ECD}.Debug|Any CPU.ActiveCfg = Debug|Any CPU
		{7CE2E219-2757-4BFB-A859-1EF5C1191ECD}.Debug|Any CPU.Build.0 = Debug|Any CPU
		{7CE2E219-2757-4BFB-A859-1EF5C1191ECD}.Release|Any CPU.ActiveCfg = Release|Any CPU
		{7CE2E219-2757-4BFB-A859-1EF5C1191ECD}.Release|Any CPU.Build.0 = Release|Any CPU
		{C26AB621-660A-4552-9763-5A6C055592E0}.Debug|Any CPU.ActiveCfg = Debug|Any CPU
		{C26AB621-660A-4552-9763-5A6C055592E0}.Debug|Any CPU.Build.0 = Debug|Any CPU
		{C26AB621-660A-4552-9763-5A6C055592E0}.Release|Any CPU.ActiveCfg = Release|Any CPU
		{C26AB621-660A-4552-9763-5A6C055592E0}.Release|Any CPU.Build.0 = Release|Any CPU
		{F0541EFB-1FD2-42AE-9911-9257BCD54F66}.Debug|Any CPU.ActiveCfg = Debug|Any CPU
		{F0541EFB-1FD2-42AE-9911-9257BCD54F66}.Debug|Any CPU.Build.0 = Debug|Any CPU
		{F0541EFB-1FD2-42AE-9911-9257BCD54F66}.Release|Any CPU.ActiveCfg = Release|Any CPU
		{F0541EFB-1FD2-42AE-9911-9257BCD54F66}.Release|Any CPU.Build.0 = Release|Any CPU
		{710D040C-6C15-4E41-A57A-9BDACC0A780C}.Debug|Any CPU.ActiveCfg = Debug|Any CPU
		{710D040C-6C15-4E41-A57A-9BDACC0A780C}.Debug|Any CPU.Build.0 = Debug|Any CPU
		{710D040C-6C15-4E41-A57A-9BDACC0A780C}.Release|Any CPU.ActiveCfg = Release|Any CPU
		{710D040C-6C15-4E41-A57A-9BDACC0A780C}.Release|Any CPU.Build.0 = Release|Any CPU
		{3003718B-9AC5-4958-A769-54ADD8F98FDD}.Debug|Any CPU.ActiveCfg = Debug|Any CPU
		{3003718B-9AC5-4958-A769-54ADD8F98FDD}.Debug|Any CPU.Build.0 = Debug|Any CPU
		{3003718B-9AC5-4958-A769-54ADD8F98FDD}.Release|Any CPU.ActiveCfg = Release|Any CPU
		{3003718B-9AC5-4958-A769-54ADD8F98FDD}.Release|Any CPU.Build.0 = Release|Any CPU
		{46F2ECEC-40DB-4C20-BF79-2251F99F5103}.Debug|Any CPU.ActiveCfg = Debug|Any CPU
		{46F2ECEC-40DB-4C20-BF79-2251F99F5103}.Debug|Any CPU.Build.0 = Debug|Any CPU
		{46F2ECEC-40DB-4C20-BF79-2251F99F5103}.Release|Any CPU.ActiveCfg = Release|Any CPU
		{46F2ECEC-40DB-4C20-BF79-2251F99F5103}.Release|Any CPU.Build.0 = Release|Any CPU
		{F63433BC-1268-4EC7-B19E-A2095F15BA0F}.Debug|Any CPU.ActiveCfg = Debug|Any CPU
		{F63433BC-1268-4EC7-B19E-A2095F15BA0F}.Debug|Any CPU.Build.0 = Debug|Any CPU
		{F63433BC-1268-4EC7-B19E-A2095F15BA0F}.Release|Any CPU.ActiveCfg = Release|Any CPU
		{F63433BC-1268-4EC7-B19E-A2095F15BA0F}.Release|Any CPU.Build.0 = Release|Any CPU
	EndGlobalSection
	GlobalSection(SolutionProperties) = preSolution
		HideSolutionNode = FALSE
	EndGlobalSection
	GlobalSection(NestedProjects) = preSolution
		{7CE2E219-2757-4BFB-A859-1EF5C1191ECD} = {4D0C09A9-CA94-4787-9535-75B536B1ECBF}
		{C26AB621-660A-4552-9763-5A6C055592E0} = {B15E8A77-777E-43AB-B771-E5C36953AE26}
		{F0541EFB-1FD2-42AE-9911-9257BCD54F66} = {134CB21D-0FE7-4CC7-9E8E-3467F655B09B}
		{3CC4E33E-70BE-4CED-9974-24E42BE73A43} = {315773F9-8C59-44AB-A04F-77A61C47860C}
		{25274754-2314-4EE1-9838-2CBB492C3C45} = {3CC4E33E-70BE-4CED-9974-24E42BE73A43}
		{CD42782D-5D99-443B-98C4-EB2A36226249} = {3CC4E33E-70BE-4CED-9974-24E42BE73A43}
		{1AFA1978-F8B8-46ED-ABDF-D5DD59C33433} = {3CC4E33E-70BE-4CED-9974-24E42BE73A43}
		{26355D78-B1FE-41DB-B7FA-64267930421A} = {3CC4E33E-70BE-4CED-9974-24E42BE73A43}
		{710D040C-6C15-4E41-A57A-9BDACC0A780C} = {25274754-2314-4EE1-9838-2CBB492C3C45}
		{3003718B-9AC5-4958-A769-54ADD8F98FDD} = {CD42782D-5D99-443B-98C4-EB2A36226249}
		{46F2ECEC-40DB-4C20-BF79-2251F99F5103} = {1AFA1978-F8B8-46ED-ABDF-D5DD59C33433}
		{F63433BC-1268-4EC7-B19E-A2095F15BA0F} = {26355D78-B1FE-41DB-B7FA-64267930421A}
	EndGlobalSection
	GlobalSection(ExtensibilityGlobals) = postSolution
		SolutionGuid = {762367BF-F7B8-456E-8CA3-D47544DA5011}
	EndGlobalSection
EndGlobal
